// !$*UTF8*$!
{
	archiveVersion = 1;
	classes = {
	};
	objectVersion = 50;
	objects = {

/* Begin PBXBuildFile section */
		F7289A372677CDB100F6A9C5 /* RepoDetailsResponse.swift in Sources */ = {isa = PBXBuildFile; fileRef = F7289A362677CDB100F6A9C5 /* RepoDetailsResponse.swift */; };
		F745F92226769A82003B828B /* GenericSectionModel.swift in Sources */ = {isa = PBXBuildFile; fileRef = F745F92126769A82003B828B /* GenericSectionModel.swift */; };
		F745F92426769B11003B828B /* GithubRepoInfoCell.swift in Sources */ = {isa = PBXBuildFile; fileRef = F745F92326769B11003B828B /* GithubRepoInfoCell.swift */; };
		F745F92626769F45003B828B /* RepoInfoCellModel.swift in Sources */ = {isa = PBXBuildFile; fileRef = F745F92526769F45003B828B /* RepoInfoCellModel.swift */; };
		F745F9292676AAFB003B828B /* AppFlow.swift in Sources */ = {isa = PBXBuildFile; fileRef = F745F9282676AAFB003B828B /* AppFlow.swift */; };
		F745F92B2676AD51003B828B /* AppStepper.swift in Sources */ = {isa = PBXBuildFile; fileRef = F745F92A2676AD51003B828B /* AppStepper.swift */; };
		F77EBEF8267682B2005211D4 /* AppDelegate.swift in Sources */ = {isa = PBXBuildFile; fileRef = F77EBEF7267682B2005211D4 /* AppDelegate.swift */; };
		F77EBEFC267682B2005211D4 /* ViewController.swift in Sources */ = {isa = PBXBuildFile; fileRef = F77EBEFB267682B2005211D4 /* ViewController.swift */; };
		F77EBF01267682B3005211D4 /* Assets.xcassets in Resources */ = {isa = PBXBuildFile; fileRef = F77EBF00267682B3005211D4 /* Assets.xcassets */; };
		F77EBF04267682B3005211D4 /* LaunchScreen.storyboard in Resources */ = {isa = PBXBuildFile; fileRef = F77EBF02267682B3005211D4 /* LaunchScreen.storyboard */; };
		F77EBF0E2676831F005211D4 /* TrendingReposListViewController.swift in Sources */ = {isa = PBXBuildFile; fileRef = F77EBF0D2676831F005211D4 /* TrendingReposListViewController.swift */; };
		F77EBF102676832C005211D4 /* TrendingReposListViewModel.swift in Sources */ = {isa = PBXBuildFile; fileRef = F77EBF0F2676832C005211D4 /* TrendingReposListViewModel.swift */; };
		F77EBF242676845E005211D4 /* AppConfiguration.swift in Sources */ = {isa = PBXBuildFile; fileRef = F77EBF122676845E005211D4 /* AppConfiguration.swift */; };
		F77EBF262676845E005211D4 /* URLRequest+Factory.swift in Sources */ = {isa = PBXBuildFile; fileRef = F77EBF152676845E005211D4 /* URLRequest+Factory.swift */; };
		F77EBF282676845E005211D4 /* NetworkProvider.swift in Sources */ = {isa = PBXBuildFile; fileRef = F77EBF172676845E005211D4 /* NetworkProvider.swift */; };
		F77EBF292676845E005211D4 /* Style.swift in Sources */ = {isa = PBXBuildFile; fileRef = F77EBF1A2676845E005211D4 /* Style.swift */; };
		F77EBF2A2676845E005211D4 /* ActivityIndicatorButton.swift in Sources */ = {isa = PBXBuildFile; fileRef = F77EBF1C2676845E005211D4 /* ActivityIndicatorButton.swift */; };
		F77EBF2B2676845E005211D4 /* UIStackView+Extensions.swift in Sources */ = {isa = PBXBuildFile; fileRef = F77EBF1D2676845E005211D4 /* UIStackView+Extensions.swift */; };
		F77EBF2C2676845E005211D4 /* Fromatters.swift in Sources */ = {isa = PBXBuildFile; fileRef = F77EBF1E2676845E005211D4 /* Fromatters.swift */; };
		F77EBF2D2676845E005211D4 /* Factory+Button.swift in Sources */ = {isa = PBXBuildFile; fileRef = F77EBF202676845E005211D4 /* Factory+Button.swift */; };
		F77EBF2E2676845E005211D4 /* Factory+Stack.swift in Sources */ = {isa = PBXBuildFile; fileRef = F77EBF212676845E005211D4 /* Factory+Stack.swift */; };
		F77EBF2F2676845E005211D4 /* Factory+Label.swift in Sources */ = {isa = PBXBuildFile; fileRef = F77EBF222676845E005211D4 /* Factory+Label.swift */; };
		F77EBF302676845E005211D4 /* Factory.swift in Sources */ = {isa = PBXBuildFile; fileRef = F77EBF232676845E005211D4 /* Factory.swift */; };
		F77EBF32267687A2005211D4 /* SearchReposResponse.swift in Sources */ = {isa = PBXBuildFile; fileRef = F77EBF31267687A2005211D4 /* SearchReposResponse.swift */; };
		F7CDFE312677AA020086954E /* RepoDetailsViewController.swift in Sources */ = {isa = PBXBuildFile; fileRef = F7CDFE302677AA020086954E /* RepoDetailsViewController.swift */; };
		F7CDFE332677AA0B0086954E /* RepoDetailsViewModel.swift in Sources */ = {isa = PBXBuildFile; fileRef = F7CDFE322677AA0B0086954E /* RepoDetailsViewModel.swift */; };
/* End PBXBuildFile section */

/* Begin PBXFileReference section */
		F7289A362677CDB100F6A9C5 /* RepoDetailsResponse.swift */ = {isa = PBXFileReference; lastKnownFileType = sourcecode.swift; path = RepoDetailsResponse.swift; sourceTree = "<group>"; };
		F745F92126769A82003B828B /* GenericSectionModel.swift */ = {isa = PBXFileReference; lastKnownFileType = sourcecode.swift; path = GenericSectionModel.swift; sourceTree = "<group>"; };
		F745F92326769B11003B828B /* GithubRepoInfoCell.swift */ = {isa = PBXFileReference; lastKnownFileType = sourcecode.swift; path = GithubRepoInfoCell.swift; sourceTree = "<group>"; };
		F745F92526769F45003B828B /* RepoInfoCellModel.swift */ = {isa = PBXFileReference; lastKnownFileType = sourcecode.swift; path = RepoInfoCellModel.swift; sourceTree = "<group>"; };
		F745F9282676AAFB003B828B /* AppFlow.swift */ = {isa = PBXFileReference; lastKnownFileType = sourcecode.swift; path = AppFlow.swift; sourceTree = "<group>"; };
		F745F92A2676AD51003B828B /* AppStepper.swift */ = {isa = PBXFileReference; lastKnownFileType = sourcecode.swift; path = AppStepper.swift; sourceTree = "<group>"; };
		F77EBEF4267682B2005211D4 /* GithubTrendz.app */ = {isa = PBXFileReference; explicitFileType = wrapper.application; includeInIndex = 0; path = GithubTrendz.app; sourceTree = BUILT_PRODUCTS_DIR; };
		F77EBEF7267682B2005211D4 /* AppDelegate.swift */ = {isa = PBXFileReference; lastKnownFileType = sourcecode.swift; path = AppDelegate.swift; sourceTree = "<group>"; };
		F77EBEFB267682B2005211D4 /* ViewController.swift */ = {isa = PBXFileReference; lastKnownFileType = sourcecode.swift; path = ViewController.swift; sourceTree = "<group>"; };
		F77EBF00267682B3005211D4 /* Assets.xcassets */ = {isa = PBXFileReference; lastKnownFileType = folder.assetcatalog; path = Assets.xcassets; sourceTree = "<group>"; };
		F77EBF03267682B3005211D4 /* Base */ = {isa = PBXFileReference; lastKnownFileType = file.storyboard; name = Base; path = Base.lproj/LaunchScreen.storyboard; sourceTree = "<group>"; };
		F77EBF05267682B3005211D4 /* Info.plist */ = {isa = PBXFileReference; lastKnownFileType = text.plist.xml; path = Info.plist; sourceTree = "<group>"; };
		F77EBF0D2676831F005211D4 /* TrendingReposListViewController.swift */ = {isa = PBXFileReference; lastKnownFileType = sourcecode.swift; path = TrendingReposListViewController.swift; sourceTree = "<group>"; };
		F77EBF0F2676832C005211D4 /* TrendingReposListViewModel.swift */ = {isa = PBXFileReference; lastKnownFileType = sourcecode.swift; path = TrendingReposListViewModel.swift; sourceTree = "<group>"; };
		F77EBF122676845E005211D4 /* AppConfiguration.swift */ = {isa = PBXFileReference; fileEncoding = 4; lastKnownFileType = sourcecode.swift; path = AppConfiguration.swift; sourceTree = "<group>"; };
		F77EBF152676845E005211D4 /* URLRequest+Factory.swift */ = {isa = PBXFileReference; fileEncoding = 4; lastKnownFileType = sourcecode.swift; path = "URLRequest+Factory.swift"; sourceTree = "<group>"; };
		F77EBF172676845E005211D4 /* NetworkProvider.swift */ = {isa = PBXFileReference; fileEncoding = 4; lastKnownFileType = sourcecode.swift; path = NetworkProvider.swift; sourceTree = "<group>"; };
		F77EBF1A2676845E005211D4 /* Style.swift */ = {isa = PBXFileReference; fileEncoding = 4; lastKnownFileType = sourcecode.swift; path = Style.swift; sourceTree = "<group>"; };
		F77EBF1C2676845E005211D4 /* ActivityIndicatorButton.swift */ = {isa = PBXFileReference; fileEncoding = 4; lastKnownFileType = sourcecode.swift; path = ActivityIndicatorButton.swift; sourceTree = "<group>"; };
		F77EBF1D2676845E005211D4 /* UIStackView+Extensions.swift */ = {isa = PBXFileReference; fileEncoding = 4; lastKnownFileType = sourcecode.swift; path = "UIStackView+Extensions.swift"; sourceTree = "<group>"; };
		F77EBF1E2676845E005211D4 /* Fromatters.swift */ = {isa = PBXFileReference; fileEncoding = 4; lastKnownFileType = sourcecode.swift; path = Fromatters.swift; sourceTree = "<group>"; };
		F77EBF202676845E005211D4 /* Factory+Button.swift */ = {isa = PBXFileReference; fileEncoding = 4; lastKnownFileType = sourcecode.swift; path = "Factory+Button.swift"; sourceTree = "<group>"; };
		F77EBF212676845E005211D4 /* Factory+Stack.swift */ = {isa = PBXFileReference; fileEncoding = 4; lastKnownFileType = sourcecode.swift; path = "Factory+Stack.swift"; sourceTree = "<group>"; };
		F77EBF222676845E005211D4 /* Factory+Label.swift */ = {isa = PBXFileReference; fileEncoding = 4; lastKnownFileType = sourcecode.swift; path = "Factory+Label.swift"; sourceTree = "<group>"; };
		F77EBF232676845E005211D4 /* Factory.swift */ = {isa = PBXFileReference; fileEncoding = 4; lastKnownFileType = sourcecode.swift; path = Factory.swift; sourceTree = "<group>"; };
		F77EBF31267687A2005211D4 /* SearchReposResponse.swift */ = {isa = PBXFileReference; lastKnownFileType = sourcecode.swift; path = SearchReposResponse.swift; sourceTree = "<group>"; };
		F7CDFE302677AA020086954E /* RepoDetailsViewController.swift */ = {isa = PBXFileReference; lastKnownFileType = sourcecode.swift; path = RepoDetailsViewController.swift; sourceTree = "<group>"; };
		F7CDFE322677AA0B0086954E /* RepoDetailsViewModel.swift */ = {isa = PBXFileReference; lastKnownFileType = sourcecode.swift; path = RepoDetailsViewModel.swift; sourceTree = "<group>"; };
/* End PBXFileReference section */

/* Begin PBXFrameworksBuildPhase section */
		F77EBEF1267682B2005211D4 /* Frameworks */ = {
			isa = PBXFrameworksBuildPhase;
			buildActionMask = 2147483647;
			files = (
			);
			runOnlyForDeploymentPostprocessing = 0;
		};
/* End PBXFrameworksBuildPhase section */

/* Begin PBXGroup section */
		AA846FCE7A1A76FC4F78765D /* Pods */ = {
			isa = PBXGroup;
			children = (
			);
			path = Pods;
			sourceTree = "<group>";
		};
		F745F92026769A78003B828B /* TableView */ = {
			isa = PBXGroup;
			children = (
				F745F92126769A82003B828B /* GenericSectionModel.swift */,
			);
			path = TableView;
			sourceTree = "<group>";
		};
		F745F9272676AAF3003B828B /* Flow */ = {
			isa = PBXGroup;
			children = (
				F745F9282676AAFB003B828B /* AppFlow.swift */,
				F745F92A2676AD51003B828B /* AppStepper.swift */,
			);
			path = Flow;
			sourceTree = "<group>";
		};
		F77EBEEB267682B2005211D4 = {
			isa = PBXGroup;
			children = (
				F77EBEF6267682B2005211D4 /* GithubFavs */,
				F77EBEF5267682B2005211D4 /* Products */,
				AA846FCE7A1A76FC4F78765D /* Pods */,
			);
			sourceTree = "<group>";
		};
		F77EBEF5267682B2005211D4 /* Products */ = {
			isa = PBXGroup;
			children = (
				F77EBEF4267682B2005211D4 /* GithubTrendz.app */,
			);
			name = Products;
			sourceTree = "<group>";
		};
		F77EBEF6267682B2005211D4 /* GithubFavs */ = {
			isa = PBXGroup;
			children = (
				F745F9272676AAF3003B828B /* Flow */,
				F77EBF112676845E005211D4 /* AppConfiguration */,
				F77EBF182676845E005211D4 /* UIFundamentals */,
				F77EBF142676845E005211D4 /* Networking */,
				F77EBF0B267682CE005211D4 /* ListView */,
				F7CDFE2F2677A9E40086954E /* ListViewDetails */,
				F77EBEF7267682B2005211D4 /* AppDelegate.swift */,
				F77EBEFB267682B2005211D4 /* ViewController.swift */,
				F77EBF00267682B3005211D4 /* Assets.xcassets */,
				F77EBF02267682B3005211D4 /* LaunchScreen.storyboard */,
				F77EBF05267682B3005211D4 /* Info.plist */,
			);
			path = GithubFavs;
			sourceTree = "<group>";
		};
		F77EBF0B267682CE005211D4 /* ListView */ = {
			isa = PBXGroup;
			children = (
				F77EBF0C267682F6005211D4 /* Cell */,
				F77EBF0D2676831F005211D4 /* TrendingReposListViewController.swift */,
				F77EBF0F2676832C005211D4 /* TrendingReposListViewModel.swift */,
			);
			path = ListView;
			sourceTree = "<group>";
		};
		F77EBF0C267682F6005211D4 /* Cell */ = {
			isa = PBXGroup;
			children = (
				F745F92326769B11003B828B /* GithubRepoInfoCell.swift */,
				F745F92526769F45003B828B /* RepoInfoCellModel.swift */,
			);
			path = Cell;
			sourceTree = "<group>";
		};
		F77EBF112676845E005211D4 /* AppConfiguration */ = {
			isa = PBXGroup;
			children = (
				F77EBF122676845E005211D4 /* AppConfiguration.swift */,
			);
			path = AppConfiguration;
			sourceTree = SOURCE_ROOT;
		};
		F77EBF142676845E005211D4 /* Networking */ = {
			isa = PBXGroup;
			children = (
				F77EBF152676845E005211D4 /* URLRequest+Factory.swift */,
				F77EBF172676845E005211D4 /* NetworkProvider.swift */,
				F77EBF31267687A2005211D4 /* SearchReposResponse.swift */,
				F7289A362677CDB100F6A9C5 /* RepoDetailsResponse.swift */,
			);
			path = Networking;
			sourceTree = SOURCE_ROOT;
		};
		F77EBF182676845E005211D4 /* UIFundamentals */ = {
			isa = PBXGroup;
			children = (
				F745F92026769A78003B828B /* TableView */,
				F77EBF192676845E005211D4 /* Style */,
				F77EBF1B2676845E005211D4 /* Extensions */,
				F77EBF1F2676845E005211D4 /* Factory */,
			);
			path = UIFundamentals;
			sourceTree = SOURCE_ROOT;
		};
		F77EBF192676845E005211D4 /* Style */ = {
			isa = PBXGroup;
			children = (
				F77EBF1A2676845E005211D4 /* Style.swift */,
			);
			path = Style;
			sourceTree = "<group>";
		};
		F77EBF1B2676845E005211D4 /* Extensions */ = {
			isa = PBXGroup;
			children = (
				F77EBF1C2676845E005211D4 /* ActivityIndicatorButton.swift */,
				F77EBF1D2676845E005211D4 /* UIStackView+Extensions.swift */,
				F77EBF1E2676845E005211D4 /* Fromatters.swift */,
			);
			path = Extensions;
			sourceTree = "<group>";
		};
		F77EBF1F2676845E005211D4 /* Factory */ = {
			isa = PBXGroup;
			children = (
				F77EBF202676845E005211D4 /* Factory+Button.swift */,
				F77EBF212676845E005211D4 /* Factory+Stack.swift */,
				F77EBF222676845E005211D4 /* Factory+Label.swift */,
				F77EBF232676845E005211D4 /* Factory.swift */,
			);
			path = Factory;
			sourceTree = "<group>";
		};
		F7CDFE2F2677A9E40086954E /* ListViewDetails */ = {
			isa = PBXGroup;
			children = (
				F7CDFE302677AA020086954E /* RepoDetailsViewController.swift */,
				F7CDFE322677AA0B0086954E /* RepoDetailsViewModel.swift */,
			);
			path = ListViewDetails;
			sourceTree = "<group>";
		};
/* End PBXGroup section */

/* Begin PBXNativeTarget section */
		F77EBEF3267682B2005211D4 /* GithubTrendz */ = {
			isa = PBXNativeTarget;
			buildConfigurationList = F77EBF08267682B3005211D4 /* Build configuration list for PBXNativeTarget "GithubTrendz" */;
			buildPhases = (
				F77EBEF0267682B2005211D4 /* Sources */,
				F77EBEF1267682B2005211D4 /* Frameworks */,
				F77EBEF2267682B2005211D4 /* Resources */,
			);
			buildRules = (
			);
			dependencies = (
			);
			name = GithubTrendz;
			productName = GithubFavs;
			productReference = F77EBEF4267682B2005211D4 /* GithubTrendz.app */;
			productType = "com.apple.product-type.application";
		};
/* End PBXNativeTarget section */

/* Begin PBXProject section */
		F77EBEEC267682B2005211D4 /* Project object */ = {
			isa = PBXProject;
			attributes = {
				LastSwiftUpdateCheck = 1250;
				LastUpgradeCheck = 1250;
				TargetAttributes = {
					F77EBEF3267682B2005211D4 = {
						CreatedOnToolsVersion = 12.5;
					};
				};
			};
			buildConfigurationList = F77EBEEF267682B2005211D4 /* Build configuration list for PBXProject "GithubTrendz" */;
			compatibilityVersion = "Xcode 9.3";
			developmentRegion = en;
			hasScannedForEncodings = 0;
			knownRegions = (
				en,
				Base,
			);
			mainGroup = F77EBEEB267682B2005211D4;
			productRefGroup = F77EBEF5267682B2005211D4 /* Products */;
			projectDirPath = "";
			projectRoot = "";
			targets = (
				F77EBEF3267682B2005211D4 /* GithubTrendz */,
			);
		};
/* End PBXProject section */

/* Begin PBXResourcesBuildPhase section */
		F77EBEF2267682B2005211D4 /* Resources */ = {
			isa = PBXResourcesBuildPhase;
			buildActionMask = 2147483647;
			files = (
				F77EBF04267682B3005211D4 /* LaunchScreen.storyboard in Resources */,
				F77EBF01267682B3005211D4 /* Assets.xcassets in Resources */,
			);
			runOnlyForDeploymentPostprocessing = 0;
		};
/* End PBXResourcesBuildPhase section */

/* Begin PBXSourcesBuildPhase section */
		F77EBEF0267682B2005211D4 /* Sources */ = {
			isa = PBXSourcesBuildPhase;
			buildActionMask = 2147483647;
			files = (
				F77EBF32267687A2005211D4 /* SearchReposResponse.swift in Sources */,
				F77EBF242676845E005211D4 /* AppConfiguration.swift in Sources */,
				F77EBEFC267682B2005211D4 /* ViewController.swift in Sources */,
				F77EBF2C2676845E005211D4 /* Fromatters.swift in Sources */,
				F77EBF2B2676845E005211D4 /* UIStackView+Extensions.swift in Sources */,
				F77EBF262676845E005211D4 /* URLRequest+Factory.swift in Sources */,
				F7CDFE332677AA0B0086954E /* RepoDetailsViewModel.swift in Sources */,
				F7289A372677CDB100F6A9C5 /* RepoDetailsResponse.swift in Sources */,
				F745F92426769B11003B828B /* GithubRepoInfoCell.swift in Sources */,
				F745F92B2676AD51003B828B /* AppStepper.swift in Sources */,
				F745F9292676AAFB003B828B /* AppFlow.swift in Sources */,
				F77EBF102676832C005211D4 /* TrendingReposListViewModel.swift in Sources */,
				F77EBF2E2676845E005211D4 /* Factory+Stack.swift in Sources */,
				F77EBEF8267682B2005211D4 /* AppDelegate.swift in Sources */,
				F77EBF0E2676831F005211D4 /* TrendingReposListViewController.swift in Sources */,
				F77EBF2F2676845E005211D4 /* Factory+Label.swift in Sources */,
				F745F92626769F45003B828B /* RepoInfoCellModel.swift in Sources */,
				F77EBF282676845E005211D4 /* NetworkProvider.swift in Sources */,
				F77EBF302676845E005211D4 /* Factory.swift in Sources */,
				F77EBF2D2676845E005211D4 /* Factory+Button.swift in Sources */,
				F77EBF2A2676845E005211D4 /* ActivityIndicatorButton.swift in Sources */,
				F7CDFE312677AA020086954E /* RepoDetailsViewController.swift in Sources */,
				F77EBF292676845E005211D4 /* Style.swift in Sources */,
				F745F92226769A82003B828B /* GenericSectionModel.swift in Sources */,
			);
			runOnlyForDeploymentPostprocessing = 0;
		};
/* End PBXSourcesBuildPhase section */

/* Begin PBXVariantGroup section */
		F77EBF02267682B3005211D4 /* LaunchScreen.storyboard */ = {
			isa = PBXVariantGroup;
			children = (
				F77EBF03267682B3005211D4 /* Base */,
			);
			name = LaunchScreen.storyboard;
			sourceTree = "<group>";
		};
/* End PBXVariantGroup section */

/* Begin XCBuildConfiguration section */
		F77EBF06267682B3005211D4 /* Debug */ = {
			isa = XCBuildConfiguration;
			buildSettings = {
				ALWAYS_SEARCH_USER_PATHS = NO;
				CLANG_ANALYZER_NONNULL = YES;
				CLANG_ANALYZER_NUMBER_OBJECT_CONVERSION = YES_AGGRESSIVE;
				CLANG_CXX_LANGUAGE_STANDARD = "gnu++14";
				CLANG_CXX_LIBRARY = "libc++";
				CLANG_ENABLE_MODULES = YES;
				CLANG_ENABLE_OBJC_ARC = YES;
				CLANG_ENABLE_OBJC_WEAK = YES;
				CLANG_WARN_BLOCK_CAPTURE_AUTORELEASING = YES;
				CLANG_WARN_BOOL_CONVERSION = YES;
				CLANG_WARN_COMMA = YES;
				CLANG_WARN_CONSTANT_CONVERSION = YES;
				CLANG_WARN_DEPRECATED_OBJC_IMPLEMENTATIONS = YES;
				CLANG_WARN_DIRECT_OBJC_ISA_USAGE = YES_ERROR;
				CLANG_WARN_DOCUMENTATION_COMMENTS = YES;
				CLANG_WARN_EMPTY_BODY = YES;
				CLANG_WARN_ENUM_CONVERSION = YES;
				CLANG_WARN_INFINITE_RECURSION = YES;
				CLANG_WARN_INT_CONVERSION = YES;
				CLANG_WARN_NON_LITERAL_NULL_CONVERSION = YES;
				CLANG_WARN_OBJC_IMPLICIT_RETAIN_SELF = YES;
				CLANG_WARN_OBJC_LITERAL_CONVERSION = YES;
				CLANG_WARN_OBJC_ROOT_CLASS = YES_ERROR;
				CLANG_WARN_QUOTED_INCLUDE_IN_FRAMEWORK_HEADER = YES;
				CLANG_WARN_RANGE_LOOP_ANALYSIS = YES;
				CLANG_WARN_STRICT_PROTOTYPES = YES;
				CLANG_WARN_SUSPICIOUS_MOVE = YES;
				CLANG_WARN_UNGUARDED_AVAILABILITY = YES_AGGRESSIVE;
				CLANG_WARN_UNREACHABLE_CODE = YES;
				CLANG_WARN__DUPLICATE_METHOD_MATCH = YES;
				COPY_PHASE_STRIP = NO;
				DEBUG_INFORMATION_FORMAT = dwarf;
				ENABLE_STRICT_OBJC_MSGSEND = YES;
				ENABLE_TESTABILITY = YES;
				GCC_C_LANGUAGE_STANDARD = gnu11;
				GCC_DYNAMIC_NO_PIC = NO;
				GCC_NO_COMMON_BLOCKS = YES;
				GCC_OPTIMIZATION_LEVEL = 0;
				GCC_PREPROCESSOR_DEFINITIONS = (
					"DEBUG=1",
					"$(inherited)",
				);
				GCC_WARN_64_TO_32_BIT_CONVERSION = YES;
				GCC_WARN_ABOUT_RETURN_TYPE = YES_ERROR;
				GCC_WARN_UNDECLARED_SELECTOR = YES;
				GCC_WARN_UNINITIALIZED_AUTOS = YES_AGGRESSIVE;
				GCC_WARN_UNUSED_FUNCTION = YES;
				GCC_WARN_UNUSED_VARIABLE = YES;
				IPHONEOS_DEPLOYMENT_TARGET = 14.5;
				MTL_ENABLE_DEBUG_INFO = INCLUDE_SOURCE;
				MTL_FAST_MATH = YES;
				ONLY_ACTIVE_ARCH = YES;
				SDKROOT = iphoneos;
				SWIFT_ACTIVE_COMPILATION_CONDITIONS = DEBUG;
				SWIFT_OPTIMIZATION_LEVEL = "-Onone";
			};
			name = Debug;
		};
		F77EBF07267682B3005211D4 /* Release */ = {
			isa = XCBuildConfiguration;
			buildSettings = {
				ALWAYS_SEARCH_USER_PATHS = NO;
				CLANG_ANALYZER_NONNULL = YES;
				CLANG_ANALYZER_NUMBER_OBJECT_CONVERSION = YES_AGGRESSIVE;
				CLANG_CXX_LANGUAGE_STANDARD = "gnu++14";
				CLANG_CXX_LIBRARY = "libc++";
				CLANG_ENABLE_MODULES = YES;
				CLANG_ENABLE_OBJC_ARC = YES;
				CLANG_ENABLE_OBJC_WEAK = YES;
				CLANG_WARN_BLOCK_CAPTURE_AUTORELEASING = YES;
				CLANG_WARN_BOOL_CONVERSION = YES;
				CLANG_WARN_COMMA = YES;
				CLANG_WARN_CONSTANT_CONVERSION = YES;
				CLANG_WARN_DEPRECATED_OBJC_IMPLEMENTATIONS = YES;
				CLANG_WARN_DIRECT_OBJC_ISA_USAGE = YES_ERROR;
				CLANG_WARN_DOCUMENTATION_COMMENTS = YES;
				CLANG_WARN_EMPTY_BODY = YES;
				CLANG_WARN_ENUM_CONVERSION = YES;
				CLANG_WARN_INFINITE_RECURSION = YES;
				CLANG_WARN_INT_CONVERSION = YES;
				CLANG_WARN_NON_LITERAL_NULL_CONVERSION = YES;
				CLANG_WARN_OBJC_IMPLICIT_RETAIN_SELF = YES;
				CLANG_WARN_OBJC_LITERAL_CONVERSION = YES;
				CLANG_WARN_OBJC_ROOT_CLASS = YES_ERROR;
				CLANG_WARN_QUOTED_INCLUDE_IN_FRAMEWORK_HEADER = YES;
				CLANG_WARN_RANGE_LOOP_ANALYSIS = YES;
				CLANG_WARN_STRICT_PROTOTYPES = YES;
				CLANG_WARN_SUSPICIOUS_MOVE = YES;
				CLANG_WARN_UNGUARDED_AVAILABILITY = YES_AGGRESSIVE;
				CLANG_WARN_UNREACHABLE_CODE = YES;
				CLANG_WARN__DUPLICATE_METHOD_MATCH = YES;
				COPY_PHASE_STRIP = NO;
				DEBUG_INFORMATION_FORMAT = "dwarf-with-dsym";
				ENABLE_NS_ASSERTIONS = NO;
				ENABLE_STRICT_OBJC_MSGSEND = YES;
				GCC_C_LANGUAGE_STANDARD = gnu11;
				GCC_NO_COMMON_BLOCKS = YES;
				GCC_WARN_64_TO_32_BIT_CONVERSION = YES;
				GCC_WARN_ABOUT_RETURN_TYPE = YES_ERROR;
				GCC_WARN_UNDECLARED_SELECTOR = YES;
				GCC_WARN_UNINITIALIZED_AUTOS = YES_AGGRESSIVE;
				GCC_WARN_UNUSED_FUNCTION = YES;
				GCC_WARN_UNUSED_VARIABLE = YES;
				IPHONEOS_DEPLOYMENT_TARGET = 14.5;
				MTL_ENABLE_DEBUG_INFO = NO;
				MTL_FAST_MATH = YES;
				SDKROOT = iphoneos;
				SWIFT_COMPILATION_MODE = wholemodule;
				SWIFT_OPTIMIZATION_LEVEL = "-O";
				VALIDATE_PRODUCT = YES;
			};
			name = Release;
		};
		F77EBF09267682B3005211D4 /* Debug */ = {
			isa = XCBuildConfiguration;
			buildSettings = {
				ASSETCATALOG_COMPILER_APPICON_NAME = AppIcon;
				ASSETCATALOG_COMPILER_GLOBAL_ACCENT_COLOR_NAME = AccentColor;
				CODE_SIGN_STYLE = Automatic;
				DEVELOPMENT_TEAM = M9SDNKSLF4;
				INFOPLIST_FILE = GithubFavs/Info.plist;
				LD_RUNPATH_SEARCH_PATHS = (
					"$(inherited)",
					"@executable_path/Frameworks",
				);
				PRODUCT_BUNDLE_IDENTIFIER = de.sreejith.GithubFavs;
				PRODUCT_NAME = "$(TARGET_NAME)";
				SWIFT_VERSION = 5.0;
				TARGETED_DEVICE_FAMILY = 1;
			};
			name = Debug;
		};
		F77EBF0A267682B3005211D4 /* Release */ = {
			isa = XCBuildConfiguration;
			buildSettings = {
				ASSETCATALOG_COMPILER_APPICON_NAME = AppIcon;
				ASSETCATALOG_COMPILER_GLOBAL_ACCENT_COLOR_NAME = AccentColor;
				CODE_SIGN_STYLE = Automatic;
				DEVELOPMENT_TEAM = M9SDNKSLF4;
				INFOPLIST_FILE = GithubFavs/Info.plist;
				LD_RUNPATH_SEARCH_PATHS = (
					"$(inherited)",
					"@executable_path/Frameworks",
				);
				PRODUCT_BUNDLE_IDENTIFIER = de.sreejith.GithubFavs;
				PRODUCT_NAME = "$(TARGET_NAME)";
				SWIFT_VERSION = 5.0;
				TARGETED_DEVICE_FAMILY = 1;
			};
			name = Release;
		};
/* End XCBuildConfiguration section */

/* Begin XCConfigurationList section */
		F77EBEEF267682B2005211D4 /* Build configuration list for PBXProject "GithubTrendz" */ = {
			isa = XCConfigurationList;
			buildConfigurations = (
				F77EBF06267682B3005211D4 /* Debug */,
				F77EBF07267682B3005211D4 /* Release */,
			);
			defaultConfigurationIsVisible = 0;
			defaultConfigurationName = Release;
		};
		F77EBF08267682B3005211D4 /* Build configuration list for PBXNativeTarget "GithubTrendz" */ = {
			isa = XCConfigurationList;
			buildConfigurations = (
				F77EBF09267682B3005211D4 /* Debug */,
				F77EBF0A267682B3005211D4 /* Release */,
			);
			defaultConfigurationIsVisible = 0;
			defaultConfigurationName = Release;
		};
/* End XCConfigurationList section */
	};
	rootObject = F77EBEEC267682B2005211D4 /* Project object */;
}
